{
    "version": 3,
    "terraform_version": "0.11.11",
    "serial": 154,
    "lineage": "5676036c-4842-61a5-0db8-107f0052345c",
    "modules": [
        {
            "path": [
                "root"
            ],
            "outputs": {
                "dns_name": {
                    "sensitive": false,
                    "type": "string",
                    "value": "task9-lb-1844515488.eu-central-1.elb.amazonaws.com"
                }
            },
            "resources": {
                "aws_iam_instance_profile.task9_ec2_profile": {
                    "type": "aws_iam_instance_profile",
                    "depends_on": [
                        "aws_iam_role.tak9_ec2_role"
                    ],
                    "primary": {
                        "id": "Task9EC2Profile",
                        "attributes": {
                            "arn": "arn:aws:iam::931545567559:instance-profile/Task9EC2Profile",
                            "create_date": "2019-01-10T21:58:26Z",
                            "id": "Task9EC2Profile",
                            "name": "Task9EC2Profile",
                            "path": "/",
                            "role": "Tak9EC2Role",
                            "roles.#": "0",
                            "unique_id": "AIPAJMEZESUERZNSJ3CSY"
                        },
                        "meta": {},
                        "tainted": false
                    },
                    "deposed": [],
                    "provider": "provider.aws"
                },
                "aws_iam_policy.task9_ec2_policy": {
                    "type": "aws_iam_policy",
                    "depends_on": [
                        "data.template_file.task9_ec2_policy"
                    ],
                    "primary": {
                        "id": "arn:aws:iam::931545567559:policy/task9EC2Policy",
                        "attributes": {
                            "arn": "arn:aws:iam::931545567559:policy/task9EC2Policy",
                            "description": "",
                            "id": "arn:aws:iam::931545567559:policy/task9EC2Policy",
                            "name": "task9EC2Policy",
                            "path": "/",
                            "policy": "{\n    \"Version\": \"2012-10-17\",\n    \"Statement\": [\n        {\n            \"Effect\": \"Allow\",\n            \"Action\": [\n                \"s3:GetObject\"\n            ],\n            \"Resource\": [\n                \"arn:aws:s3:::s3-website-task9.ml/*\"\n            ]\n        }\n    ]\n}"
                        },
                        "meta": {},
                        "tainted": false
                    },
                    "deposed": [],
                    "provider": "provider.aws"
                },
                "aws_iam_role.tak9_ec2_role": {
                    "type": "aws_iam_role",
                    "depends_on": [
                        "data.template_file.task9_ec2_role"
                    ],
                    "primary": {
                        "id": "Tak9EC2Role",
                        "attributes": {
                            "arn": "arn:aws:iam::931545567559:role/Tak9EC2Role",
                            "assume_role_policy": "{\"Version\":\"2012-10-17\",\"Statement\":[{\"Effect\":\"Allow\",\"Principal\":{\"Service\":\"ec2.amazonaws.com\"},\"Action\":\"sts:AssumeRole\"}]}",
                            "create_date": "2019-01-10T21:58:24Z",
                            "description": "",
                            "force_detach_policies": "false",
                            "id": "Tak9EC2Role",
                            "max_session_duration": "3600",
                            "name": "Tak9EC2Role",
                            "path": "/",
                            "tags.%": "0",
                            "unique_id": "AROAI7TNG2VDJWQOAXSDK"
                        },
                        "meta": {},
                        "tainted": false
                    },
                    "deposed": [],
                    "provider": "provider.aws"
                },
                "aws_iam_role_policy_attachment.task9_policy_att": {
                    "type": "aws_iam_role_policy_attachment",
                    "depends_on": [
                        "aws_iam_policy.task9_ec2_policy",
                        "aws_iam_role.tak9_ec2_role"
                    ],
                    "primary": {
                        "id": "Tak9EC2Role-20190110220055837900000003",
                        "attributes": {
                            "id": "Tak9EC2Role-20190110220055837900000003",
                            "policy_arn": "arn:aws:iam::931545567559:policy/task9EC2Policy",
                            "role": "Tak9EC2Role"
                        },
                        "meta": {},
                        "tainted": false
                    },
                    "deposed": [],
                    "provider": "provider.aws"
                },
                "aws_instance.task9_instance.0": {
                    "type": "aws_instance",
                    "depends_on": [
                        "aws_iam_instance_profile.task9_ec2_profile",
                        "aws_security_group.task9_sg",
                        "aws_subnet.task9_subnet",
                        "aws_subnet.task9_subnet.*",
                        "data.aws_ami.nat_ami",
                        "data.aws_availability_zones.available",
                        "data.template_file.init"
                    ],
                    "primary": {
                        "id": "i-04ed802a6a2d84e4e",
                        "attributes": {
                            "ami": "ami-0e23b1905d251df27",
                            "arn": "arn:aws:ec2:eu-central-1:931545567559:instance/i-04ed802a6a2d84e4e",
                            "associate_public_ip_address": "true",
                            "availability_zone": "eu-central-1a",
                            "cpu_core_count": "1",
                            "cpu_threads_per_core": "1",
                            "credit_specification.#": "1",
                            "credit_specification.0.cpu_credits": "standard",
                            "disable_api_termination": "false",
                            "ebs_block_device.#": "0",
                            "ebs_optimized": "false",
                            "ephemeral_block_device.#": "0",
                            "get_password_data": "false",
                            "iam_instance_profile": "Task9EC2Profile",
                            "id": "i-04ed802a6a2d84e4e",
                            "instance_state": "running",
                            "instance_type": "t2.micro",
                            "ipv6_addresses.#": "0",
                            "key_name": "id_rsa",
                            "monitoring": "false",
                            "network_interface.#": "0",
                            "network_interface_id": "eni-0e92358f17784892b",
                            "password_data": "",
                            "placement_group": "",
                            "primary_network_interface_id": "eni-0e92358f17784892b",
                            "private_dns": "ip-10-192-10-201.eu-central-1.compute.internal",
                            "private_ip": "10.192.10.201",
                            "public_dns": "ec2-18-196-31-79.eu-central-1.compute.amazonaws.com",
                            "public_ip": "18.196.31.79",
                            "root_block_device.#": "1",
                            "root_block_device.0.delete_on_termination": "true",
                            "root_block_device.0.iops": "100",
                            "root_block_device.0.volume_id": "vol-05fb0b451c700a331",
                            "root_block_device.0.volume_size": "8",
                            "root_block_device.0.volume_type": "gp2",
                            "security_groups.#": "0",
                            "source_dest_check": "true",
                            "subnet_id": "subnet-01f851198a8edc614",
                            "tags.%": "1",
                            "tags.Name": "task9-ec2",
                            "tenancy": "default",
                            "user_data": "079f0847422d8341976c79a440caa932d9747514",
                            "volume_tags.%": "0",
                            "vpc_security_group_ids.#": "1",
                            "vpc_security_group_ids.3572112930": "sg-0397c1b14dea56fab"
                        },
                        "meta": {
                            "e2bfb730-ecaa-11e6-8f88-34363bc7c4c0": {
                                "create": 600000000000,
                                "delete": 1200000000000,
                                "update": 600000000000
                            },
                            "schema_version": "1"
                        },
                        "tainted": false
                    },
                    "deposed": [],
                    "provider": "provider.aws"
                },
                "aws_instance.task9_instance.1": {
                    "type": "aws_instance",
                    "depends_on": [
                        "aws_iam_instance_profile.task9_ec2_profile",
                        "aws_security_group.task9_sg",
                        "aws_subnet.task9_subnet",
                        "aws_subnet.task9_subnet.*",
                        "data.aws_ami.nat_ami",
                        "data.aws_availability_zones.available",
                        "data.template_file.init"
                    ],
                    "primary": {
                        "id": "i-0a3c2421d44f8ff8f",
                        "attributes": {
                            "ami": "ami-0e23b1905d251df27",
                            "arn": "arn:aws:ec2:eu-central-1:931545567559:instance/i-0a3c2421d44f8ff8f",
                            "associate_public_ip_address": "true",
                            "availability_zone": "eu-central-1b",
                            "cpu_core_count": "1",
                            "cpu_threads_per_core": "1",
                            "credit_specification.#": "1",
                            "credit_specification.0.cpu_credits": "standard",
                            "disable_api_termination": "false",
                            "ebs_block_device.#": "0",
                            "ebs_optimized": "false",
                            "ephemeral_block_device.#": "0",
                            "get_password_data": "false",
                            "iam_instance_profile": "Task9EC2Profile",
                            "id": "i-0a3c2421d44f8ff8f",
                            "instance_state": "running",
                            "instance_type": "t2.micro",
                            "ipv6_addresses.#": "0",
                            "key_name": "id_rsa",
                            "monitoring": "false",
                            "network_interface.#": "0",
                            "network_interface_id": "eni-0bf5570dd3d13ebb9",
                            "password_data": "",
                            "placement_group": "",
                            "primary_network_interface_id": "eni-0bf5570dd3d13ebb9",
                            "private_dns": "ip-10-192-20-204.eu-central-1.compute.internal",
                            "private_ip": "10.192.20.204",
                            "public_dns": "ec2-3-120-237-173.eu-central-1.compute.amazonaws.com",
                            "public_ip": "3.120.237.173",
                            "root_block_device.#": "1",
                            "root_block_device.0.delete_on_termination": "true",
                            "root_block_device.0.iops": "100",
                            "root_block_device.0.volume_id": "vol-0b2b9f2111af233f6",
                            "root_block_device.0.volume_size": "8",
                            "root_block_device.0.volume_type": "gp2",
                            "security_groups.#": "0",
                            "source_dest_check": "true",
                            "subnet_id": "subnet-04170197600101c53",
                            "tags.%": "1",
                            "tags.Name": "task9-ec2",
                            "tenancy": "default",
                            "user_data": "079f0847422d8341976c79a440caa932d9747514",
                            "volume_tags.%": "0",
                            "vpc_security_group_ids.#": "1",
                            "vpc_security_group_ids.3572112930": "sg-0397c1b14dea56fab"
                        },
                        "meta": {
                            "e2bfb730-ecaa-11e6-8f88-34363bc7c4c0": {
                                "create": 600000000000,
                                "delete": 1200000000000,
                                "update": 600000000000
                            },
                            "schema_version": "1"
                        },
                        "tainted": false
                    },
                    "deposed": [],
                    "provider": "provider.aws"
                },
                "aws_internet_gateway.task9_internet_gateway": {
                    "type": "aws_internet_gateway",
                    "depends_on": [
                        "aws_vpc.task9_vpc"
                    ],
                    "primary": {
                        "id": "igw-0256258b19f355a5f",
                        "attributes": {
                            "id": "igw-0256258b19f355a5f",
                            "owner_id": "931545567559",
                            "tags.%": "1",
                            "tags.Name": "task9-ig",
                            "vpc_id": "vpc-0c956b85972fee3c4"
                        },
                        "meta": {},
                        "tainted": false
                    },
                    "deposed": [],
                    "provider": "provider.aws"
                },
                "aws_lb.task9-lb": {
                    "type": "aws_lb",
                    "depends_on": [
                        "aws_security_group.task9_lb_sg",
                        "data.aws_subnet_ids.task9_subnets"
                    ],
                    "primary": {
                        "id": "arn:aws:elasticloadbalancing:eu-central-1:931545567559:loadbalancer/app/task9-lb/af75db763924d6a8",
                        "attributes": {
                            "access_logs.#": "0",
                            "arn": "arn:aws:elasticloadbalancing:eu-central-1:931545567559:loadbalancer/app/task9-lb/af75db763924d6a8",
                            "arn_suffix": "app/task9-lb/af75db763924d6a8",
                            "dns_name": "task9-lb-1844515488.eu-central-1.elb.amazonaws.com",
                            "enable_deletion_protection": "false",
                            "enable_http2": "true",
                            "id": "arn:aws:elasticloadbalancing:eu-central-1:931545567559:loadbalancer/app/task9-lb/af75db763924d6a8",
                            "idle_timeout": "60",
                            "internal": "false",
                            "ip_address_type": "ipv4",
                            "load_balancer_type": "application",
                            "name": "task9-lb",
                            "security_groups.#": "1",
                            "security_groups.2278266982": "sg-0be0946a62c03cd08",
                            "subnet_mapping.#": "0",
                            "subnets.#": "2",
                            "subnets.2555174432": "subnet-01f851198a8edc614",
                            "subnets.3513385119": "subnet-04170197600101c53",
                            "tags.%": "1",
                            "tags.Name": "task9-elb",
                            "vpc_id": "vpc-0c956b85972fee3c4",
                            "zone_id": "Z215JYRZR1TBD5"
                        },
                        "meta": {
                            "e2bfb730-ecaa-11e6-8f88-34363bc7c4c0": {
                                "create": 600000000000,
                                "delete": 600000000000,
                                "update": 600000000000
                            }
                        },
                        "tainted": false
                    },
                    "deposed": [],
                    "provider": "provider.aws"
                },
                "aws_lb_listener.task9_lb_listener": {
                    "type": "aws_lb_listener",
                    "depends_on": [
                        "aws_lb.task9-lb",
                        "aws_lb_target_group.task9_lb_target_group"
                    ],
                    "primary": {
                        "id": "arn:aws:elasticloadbalancing:eu-central-1:931545567559:listener/app/task9-lb/af75db763924d6a8/4ea26def1a6af38c",
                        "attributes": {
                            "arn": "arn:aws:elasticloadbalancing:eu-central-1:931545567559:listener/app/task9-lb/af75db763924d6a8/4ea26def1a6af38c",
                            "default_action.#": "1",
                            "default_action.0.authenticate_cognito.#": "0",
                            "default_action.0.authenticate_oidc.#": "0",
                            "default_action.0.fixed_response.#": "0",
                            "default_action.0.order": "1",
                            "default_action.0.redirect.#": "0",
                            "default_action.0.target_group_arn": "arn:aws:elasticloadbalancing:eu-central-1:931545567559:targetgroup/task9-lb-target-group/7c2761237c14b9d1",
                            "default_action.0.type": "forward",
                            "id": "arn:aws:elasticloadbalancing:eu-central-1:931545567559:listener/app/task9-lb/af75db763924d6a8/4ea26def1a6af38c",
                            "load_balancer_arn": "arn:aws:elasticloadbalancing:eu-central-1:931545567559:loadbalancer/app/task9-lb/af75db763924d6a8",
                            "port": "80",
                            "protocol": "HTTP",
                            "ssl_policy": ""
                        },
                        "meta": {
                            "e2bfb730-ecaa-11e6-8f88-34363bc7c4c0": {
                                "read": 600000000000
                            }
                        },
                        "tainted": false
                    },
                    "deposed": [],
                    "provider": "provider.aws"
                },
                "aws_lb_target_group.task9_lb_target_group": {
                    "type": "aws_lb_target_group",
                    "depends_on": [
                        "aws_vpc.task9_vpc"
                    ],
                    "primary": {
                        "id": "arn:aws:elasticloadbalancing:eu-central-1:931545567559:targetgroup/task9-lb-target-group/7c2761237c14b9d1",
                        "attributes": {
                            "arn": "arn:aws:elasticloadbalancing:eu-central-1:931545567559:targetgroup/task9-lb-target-group/7c2761237c14b9d1",
                            "arn_suffix": "targetgroup/task9-lb-target-group/7c2761237c14b9d1",
                            "deregistration_delay": "300",
                            "health_check.#": "1",
                            "health_check.0.healthy_threshold": "5",
                            "health_check.0.interval": "30",
                            "health_check.0.matcher": "200",
                            "health_check.0.path": "/",
                            "health_check.0.port": "traffic-port",
                            "health_check.0.protocol": "HTTP",
                            "health_check.0.timeout": "5",
                            "health_check.0.unhealthy_threshold": "2",
                            "id": "arn:aws:elasticloadbalancing:eu-central-1:931545567559:targetgroup/task9-lb-target-group/7c2761237c14b9d1",
                            "name": "task9-lb-target-group",
                            "port": "8080",
                            "protocol": "HTTP",
                            "proxy_protocol_v2": "false",
                            "slow_start": "0",
                            "stickiness.#": "1",
                            "stickiness.0.cookie_duration": "86400",
                            "stickiness.0.enabled": "false",
                            "stickiness.0.type": "lb_cookie",
                            "tags.%": "0",
                            "target_type": "instance",
                            "vpc_id": "vpc-0c956b85972fee3c4"
                        },
                        "meta": {},
                        "tainted": false
                    },
                    "deposed": [],
                    "provider": "provider.aws"
                },
                "aws_lb_target_group_attachment.task9_lb_target_group_attachment.0": {
                    "type": "aws_lb_target_group_attachment",
                    "depends_on": [
                        "aws_instance.task9_instance.*",
                        "aws_lb_target_group.task9_lb_target_group"
                    ],
                    "primary": {
                        "id": "arn:aws:elasticloadbalancing:eu-central-1:931545567559:targetgroup/task9-lb-target-group/7c2761237c14b9d1-20190110215902263100000002",
                        "attributes": {
                            "id": "arn:aws:elasticloadbalancing:eu-central-1:931545567559:targetgroup/task9-lb-target-group/7c2761237c14b9d1-20190110215902263100000002",
                            "port": "8080",
                            "target_group_arn": "arn:aws:elasticloadbalancing:eu-central-1:931545567559:targetgroup/task9-lb-target-group/7c2761237c14b9d1",
                            "target_id": "i-04ed802a6a2d84e4e"
                        },
                        "meta": {},
                        "tainted": false
                    },
                    "deposed": [],
                    "provider": "provider.aws"
                },
                "aws_lb_target_group_attachment.task9_lb_target_group_attachment.1": {
                    "type": "aws_lb_target_group_attachment",
                    "depends_on": [
                        "aws_instance.task9_instance.*",
                        "aws_lb_target_group.task9_lb_target_group"
                    ],
                    "primary": {
                        "id": "arn:aws:elasticloadbalancing:eu-central-1:931545567559:targetgroup/task9-lb-target-group/7c2761237c14b9d1-20190110215902225700000001",
                        "attributes": {
                            "id": "arn:aws:elasticloadbalancing:eu-central-1:931545567559:targetgroup/task9-lb-target-group/7c2761237c14b9d1-20190110215902225700000001",
                            "port": "8080",
                            "target_group_arn": "arn:aws:elasticloadbalancing:eu-central-1:931545567559:targetgroup/task9-lb-target-group/7c2761237c14b9d1",
                            "target_id": "i-0a3c2421d44f8ff8f"
                        },
                        "meta": {},
                        "tainted": false
                    },
                    "deposed": [],
                    "provider": "provider.aws"
                },
                "aws_route.task9_route.0": {
                    "type": "aws_route",
                    "depends_on": [
                        "aws_internet_gateway.task9_internet_gateway",
                        "aws_route_table.task9_route_table.*"
                    ],
                    "primary": {
                        "id": "r-rtb-072a0568ad98b4d501080289494",
                        "attributes": {
                            "destination_cidr_block": "0.0.0.0/0",
                            "destination_prefix_list_id": "",
                            "egress_only_gateway_id": "",
                            "gateway_id": "igw-0256258b19f355a5f",
                            "id": "r-rtb-072a0568ad98b4d501080289494",
                            "instance_id": "",
                            "instance_owner_id": "",
                            "nat_gateway_id": "",
                            "network_interface_id": "",
                            "origin": "CreateRoute",
                            "route_table_id": "rtb-072a0568ad98b4d50",
                            "state": "active",
                            "transit_gateway_id": "",
                            "vpc_peering_connection_id": ""
                        },
                        "meta": {
                            "e2bfb730-ecaa-11e6-8f88-34363bc7c4c0": {
                                "create": 120000000000,
                                "delete": 300000000000
                            }
                        },
                        "tainted": false
                    },
                    "deposed": [],
                    "provider": "provider.aws"
                },
                "aws_route.task9_route.1": {
                    "type": "aws_route",
                    "depends_on": [
                        "aws_internet_gateway.task9_internet_gateway",
                        "aws_route_table.task9_route_table.*"
                    ],
                    "primary": {
                        "id": "r-rtb-089da8cd8cafc6ddd1080289494",
                        "attributes": {
                            "destination_cidr_block": "0.0.0.0/0",
                            "destination_prefix_list_id": "",
                            "egress_only_gateway_id": "",
                            "gateway_id": "igw-0256258b19f355a5f",
                            "id": "r-rtb-089da8cd8cafc6ddd1080289494",
                            "instance_id": "",
                            "instance_owner_id": "",
                            "nat_gateway_id": "",
                            "network_interface_id": "",
                            "origin": "CreateRoute",
                            "route_table_id": "rtb-089da8cd8cafc6ddd",
                            "state": "active",
                            "transit_gateway_id": "",
                            "vpc_peering_connection_id": ""
                        },
                        "meta": {
                            "e2bfb730-ecaa-11e6-8f88-34363bc7c4c0": {
                                "create": 120000000000,
                                "delete": 300000000000
                            }
                        },
                        "tainted": false
                    },
                    "deposed": [],
                    "provider": "provider.aws"
                },
                "aws_route_table.task9_route_table.0": {
                    "type": "aws_route_table",
                    "depends_on": [
                        "aws_vpc.task9_vpc"
                    ],
                    "primary": {
                        "id": "rtb-072a0568ad98b4d50",
                        "attributes": {
                            "id": "rtb-072a0568ad98b4d50",
                            "owner_id": "931545567559",
                            "propagating_vgws.#": "0",
                            "route.#": "0",
                            "tags.%": "1",
                            "tags.Name": "task9-rt",
                            "vpc_id": "vpc-0c956b85972fee3c4"
                        },
                        "meta": {},
                        "tainted": false
                    },
                    "deposed": [],
                    "provider": "provider.aws"
                },
                "aws_route_table.task9_route_table.1": {
                    "type": "aws_route_table",
                    "depends_on": [
                        "aws_vpc.task9_vpc"
                    ],
                    "primary": {
                        "id": "rtb-089da8cd8cafc6ddd",
                        "attributes": {
                            "id": "rtb-089da8cd8cafc6ddd",
                            "owner_id": "931545567559",
                            "propagating_vgws.#": "0",
                            "route.#": "0",
                            "tags.%": "1",
                            "tags.Name": "task9-rt",
                            "vpc_id": "vpc-0c956b85972fee3c4"
                        },
                        "meta": {},
                        "tainted": false
                    },
                    "deposed": [],
                    "provider": "provider.aws"
                },
                "aws_route_table_association.task9_rta.0": {
                    "type": "aws_route_table_association",
                    "depends_on": [
                        "aws_route_table.task9_route_table.*",
                        "data.aws_subnet_ids.task9_subnets"
                    ],
                    "primary": {
                        "id": "rtbassoc-082290084f79805e5",
                        "attributes": {
                            "id": "rtbassoc-082290084f79805e5",
                            "route_table_id": "rtb-072a0568ad98b4d50",
                            "subnet_id": "subnet-01f851198a8edc614"
                        },
                        "meta": {},
                        "tainted": false
                    },
                    "deposed": [],
                    "provider": "provider.aws"
                },
                "aws_route_table_association.task9_rta.1": {
                    "type": "aws_route_table_association",
                    "depends_on": [
                        "aws_route_table.task9_route_table.*",
                        "data.aws_subnet_ids.task9_subnets"
                    ],
                    "primary": {
                        "id": "rtbassoc-044977eeffbd0ddd0",
                        "attributes": {
                            "id": "rtbassoc-044977eeffbd0ddd0",
                            "route_table_id": "rtb-089da8cd8cafc6ddd",
                            "subnet_id": "subnet-04170197600101c53"
                        },
                        "meta": {},
                        "tainted": false
                    },
                    "deposed": [],
                    "provider": "provider.aws"
                },
                "aws_s3_bucket.task9_s3": {
                    "type": "aws_s3_bucket",
                    "depends_on": [],
                    "primary": {
                        "id": "s3-website-task9.ml",
                        "attributes": {
                            "acceleration_status": "",
                            "acl": "private",
                            "arn": "arn:aws:s3:::s3-website-task9.ml",
                            "bucket": "s3-website-task9.ml",
                            "bucket_domain_name": "s3-website-task9.ml.s3.amazonaws.com",
                            "bucket_regional_domain_name": "s3-website-task9.ml.s3.eu-central-1.amazonaws.com",
                            "cors_rule.#": "0",
                            "force_destroy": "false",
                            "hosted_zone_id": "Z21DNDUVLTQW6Q",
                            "id": "s3-website-task9.ml",
                            "lifecycle_rule.#": "0",
                            "logging.#": "0",
                            "region": "eu-central-1",
                            "replication_configuration.#": "0",
                            "request_payer": "BucketOwner",
                            "server_side_encryption_configuration.#": "0",
                            "tags.%": "1",
                            "tags.Name": "task9",
                            "versioning.#": "1",
                            "versioning.0.enabled": "false",
                            "versioning.0.mfa_delete": "false",
                            "website.#": "0"
                        },
                        "meta": {},
                        "tainted": false
                    },
                    "deposed": [],
                    "provider": "provider.aws"
                },
                "aws_s3_bucket_object.html_object": {
                    "type": "aws_s3_bucket_object",
                    "depends_on": [
                        "aws_s3_bucket.task9_s3"
                    ],
                    "primary": {
                        "id": "index.html",
                        "attributes": {
                            "acl": "private",
                            "bucket": "s3-website-task9.ml",
                            "cache_control": "",
                            "content_disposition": "",
                            "content_encoding": "",
                            "content_language": "",
                            "content_type": "binary/octet-stream",
                            "etag": "7eb4f64db320b7d53b853f89587b7a0b",
                            "id": "index.html",
                            "key": "index.html",
                            "server_side_encryption": "",
                            "source": "/home/kostiantyn/DevOps/chi_intern/task9/static/index.html",
                            "storage_class": "STANDARD",
                            "tags.%": "0",
                            "version_id": "",
                            "website_redirect": ""
                        },
                        "meta": {},
                        "tainted": false
                    },
                    "deposed": [],
                    "provider": "provider.aws"
                },
                "aws_s3_bucket_policy.tak9_s3_policy": {
                    "type": "aws_s3_bucket_policy",
                    "depends_on": [
                        "aws_s3_bucket.task9_s3",
                        "data.template_file.task9_s3_policy"
                    ],
                    "primary": {
                        "id": "s3-website-task9.ml",
                        "attributes": {
                            "bucket": "s3-website-task9.ml",
                            "id": "s3-website-task9.ml",
                            "policy": "{\n    \"Version\": \"2012-10-17\",\n    \"Statement\": [\n        {\n            \"Sid\": \"IPAllow\",\n            \"Effect\": \"Allow\",\n            \"Principal\": {\n                            \"Service\": [\n                                \"ec2.amazonaws.com\"\n                            ]\n                        },\n            \"Action\": [\n                \"s3:GetObject\"\n                ],\n            \"Resource\": \"arn:aws:s3:::s3-website-task9.ml/*\",\n            \"Condition\": {\n            \"IpAddress\": {\n                \"aws:SourceIp\": [\"10.192.10.201\"]\n                }\n            }\n        }\n    ]\n}"
                        },
                        "meta": {},
                        "tainted": false
                    },
                    "deposed": [],
                    "provider": "provider.aws"
                },
                "aws_security_group.task9_lb_sg": {
                    "type": "aws_security_group",
                    "depends_on": [
                        "aws_vpc.task9_vpc"
                    ],
                    "primary": {
                        "id": "sg-0be0946a62c03cd08",
                        "attributes": {
                            "arn": "arn:aws:ec2:eu-central-1:931545567559:security-group/sg-0be0946a62c03cd08",
                            "description": "ELB Security Group",
                            "egress.#": "1",
                            "egress.482069346.cidr_blocks.#": "1",
                            "egress.482069346.cidr_blocks.0": "0.0.0.0/0",
                            "egress.482069346.description": "",
                            "egress.482069346.from_port": "0",
                            "egress.482069346.ipv6_cidr_blocks.#": "0",
                            "egress.482069346.prefix_list_ids.#": "0",
                            "egress.482069346.protocol": "-1",
                            "egress.482069346.security_groups.#": "0",
                            "egress.482069346.self": "false",
                            "egress.482069346.to_port": "0",
                            "id": "sg-0be0946a62c03cd08",
                            "ingress.#": "1",
                            "ingress.2214680975.cidr_blocks.#": "1",
                            "ingress.2214680975.cidr_blocks.0": "0.0.0.0/0",
                            "ingress.2214680975.description": "",
                            "ingress.2214680975.from_port": "80",
                            "ingress.2214680975.ipv6_cidr_blocks.#": "0",
                            "ingress.2214680975.prefix_list_ids.#": "0",
                            "ingress.2214680975.protocol": "tcp",
                            "ingress.2214680975.security_groups.#": "0",
                            "ingress.2214680975.self": "false",
                            "ingress.2214680975.to_port": "80",
                            "name": "task9-lbsg",
                            "owner_id": "931545567559",
                            "revoke_rules_on_delete": "false",
                            "tags.%": "1",
                            "tags.Name": "task9-elbsg",
                            "vpc_id": "vpc-0c956b85972fee3c4"
                        },
                        "meta": {
                            "e2bfb730-ecaa-11e6-8f88-34363bc7c4c0": {
                                "create": 600000000000,
                                "delete": 600000000000
                            },
                            "schema_version": "1"
                        },
                        "tainted": false
                    },
                    "deposed": [],
                    "provider": "provider.aws"
                },
                "aws_security_group.task9_sg": {
                    "type": "aws_security_group",
                    "depends_on": [
                        "aws_vpc.task9_vpc"
                    ],
                    "primary": {
                        "id": "sg-0397c1b14dea56fab",
                        "attributes": {
                            "arn": "arn:aws:ec2:eu-central-1:931545567559:security-group/sg-0397c1b14dea56fab",
                            "description": "EC2 Security Group",
                            "egress.#": "1",
                            "egress.482069346.cidr_blocks.#": "1",
                            "egress.482069346.cidr_blocks.0": "0.0.0.0/0",
                            "egress.482069346.description": "",
                            "egress.482069346.from_port": "0",
                            "egress.482069346.ipv6_cidr_blocks.#": "0",
                            "egress.482069346.prefix_list_ids.#": "0",
                            "egress.482069346.protocol": "-1",
                            "egress.482069346.security_groups.#": "0",
                            "egress.482069346.self": "false",
                            "egress.482069346.to_port": "0",
                            "id": "sg-0397c1b14dea56fab",
                            "ingress.#": "2",
                            "ingress.2541437006.cidr_blocks.#": "1",
                            "ingress.2541437006.cidr_blocks.0": "0.0.0.0/0",
                            "ingress.2541437006.description": "",
                            "ingress.2541437006.from_port": "22",
                            "ingress.2541437006.ipv6_cidr_blocks.#": "0",
                            "ingress.2541437006.prefix_list_ids.#": "0",
                            "ingress.2541437006.protocol": "tcp",
                            "ingress.2541437006.security_groups.#": "0",
                            "ingress.2541437006.self": "false",
                            "ingress.2541437006.to_port": "22",
                            "ingress.516175195.cidr_blocks.#": "1",
                            "ingress.516175195.cidr_blocks.0": "0.0.0.0/0",
                            "ingress.516175195.description": "",
                            "ingress.516175195.from_port": "8080",
                            "ingress.516175195.ipv6_cidr_blocks.#": "0",
                            "ingress.516175195.prefix_list_ids.#": "0",
                            "ingress.516175195.protocol": "tcp",
                            "ingress.516175195.security_groups.#": "0",
                            "ingress.516175195.self": "false",
                            "ingress.516175195.to_port": "8080",
                            "name": "task9-sg",
                            "owner_id": "931545567559",
                            "revoke_rules_on_delete": "false",
                            "tags.%": "1",
                            "tags.Name": "task9-sg",
                            "vpc_id": "vpc-0c956b85972fee3c4"
                        },
                        "meta": {
                            "e2bfb730-ecaa-11e6-8f88-34363bc7c4c0": {
                                "create": 600000000000,
                                "delete": 600000000000
                            },
                            "schema_version": "1"
                        },
                        "tainted": false
                    },
                    "deposed": [],
                    "provider": "provider.aws"
                },
                "aws_subnet.task9_subnet.0": {
                    "type": "aws_subnet",
                    "depends_on": [
                        "aws_vpc.task9_vpc",
                        "data.aws_availability_zones.available"
                    ],
                    "primary": {
                        "id": "subnet-01f851198a8edc614",
                        "attributes": {
                            "arn": "arn:aws:ec2:eu-central-1:931545567559:subnet/subnet-01f851198a8edc614",
                            "assign_ipv6_address_on_creation": "false",
                            "availability_zone": "eu-central-1a",
                            "availability_zone_id": "euc1-az2",
                            "cidr_block": "10.192.10.0/24",
                            "id": "subnet-01f851198a8edc614",
                            "ipv6_cidr_block": "",
                            "ipv6_cidr_block_association_id": "",
                            "map_public_ip_on_launch": "true",
                            "owner_id": "931545567559",
                            "tags.%": "1",
                            "tags.Name": "task9-subnet",
                            "vpc_id": "vpc-0c956b85972fee3c4"
                        },
                        "meta": {
                            "e2bfb730-ecaa-11e6-8f88-34363bc7c4c0": {
                                "create": 600000000000,
                                "delete": 600000000000
                            },
                            "schema_version": "1"
                        },
                        "tainted": false
                    },
                    "deposed": [],
                    "provider": "provider.aws"
                },
                "aws_subnet.task9_subnet.1": {
                    "type": "aws_subnet",
                    "depends_on": [
                        "aws_vpc.task9_vpc",
                        "data.aws_availability_zones.available"
                    ],
                    "primary": {
                        "id": "subnet-04170197600101c53",
                        "attributes": {
                            "arn": "arn:aws:ec2:eu-central-1:931545567559:subnet/subnet-04170197600101c53",
                            "assign_ipv6_address_on_creation": "false",
                            "availability_zone": "eu-central-1b",
                            "availability_zone_id": "euc1-az3",
                            "cidr_block": "10.192.20.0/24",
                            "id": "subnet-04170197600101c53",
                            "ipv6_cidr_block": "",
                            "ipv6_cidr_block_association_id": "",
                            "map_public_ip_on_launch": "true",
                            "owner_id": "931545567559",
                            "tags.%": "1",
                            "tags.Name": "task9-subnet",
                            "vpc_id": "vpc-0c956b85972fee3c4"
                        },
                        "meta": {
                            "e2bfb730-ecaa-11e6-8f88-34363bc7c4c0": {
                                "create": 600000000000,
                                "delete": 600000000000
                            },
                            "schema_version": "1"
                        },
                        "tainted": false
                    },
                    "deposed": [],
                    "provider": "provider.aws"
                },
                "aws_vpc.task9_vpc": {
                    "type": "aws_vpc",
                    "depends_on": [],
                    "primary": {
                        "id": "vpc-0c956b85972fee3c4",
                        "attributes": {
                            "arn": "arn:aws:ec2:eu-central-1:931545567559:vpc/vpc-0c956b85972fee3c4",
                            "assign_generated_ipv6_cidr_block": "false",
                            "cidr_block": "10.192.0.0/16",
                            "default_network_acl_id": "acl-0bb0f4f4b1508e567",
                            "default_route_table_id": "rtb-0051d453fd6e917ec",
                            "default_security_group_id": "sg-0a50303077ba257f3",
                            "dhcp_options_id": "dopt-06caf66d",
                            "enable_dns_hostnames": "true",
                            "enable_dns_support": "true",
                            "id": "vpc-0c956b85972fee3c4",
                            "instance_tenancy": "default",
                            "ipv6_association_id": "",
                            "ipv6_cidr_block": "",
                            "main_route_table_id": "rtb-0051d453fd6e917ec",
                            "owner_id": "931545567559",
                            "tags.%": "1",
                            "tags.Name": "task9-vpc"
                        },
                        "meta": {
                            "schema_version": "1"
                        },
                        "tainted": false
                    },
                    "deposed": [],
                    "provider": "provider.aws"
                },
                "data.aws_ami.nat_ami": {
                    "type": "aws_ami",
                    "depends_on": [],
                    "primary": {
                        "id": "ami-0e23b1905d251df27",
                        "attributes": {
                            "architecture": "x86_64",
                            "block_device_mappings.#": "3",
                            "block_device_mappings.1634610537.device_name": "/dev/sdb",
                            "block_device_mappings.1634610537.ebs.%": "0",
                            "block_device_mappings.1634610537.no_device": "",
                            "block_device_mappings.1634610537.virtual_name": "ephemeral0",
                            "block_device_mappings.2547816212.device_name": "/dev/sda1",
                            "block_device_mappings.2547816212.ebs.%": "6",
                            "block_device_mappings.2547816212.ebs.delete_on_termination": "true",
                            "block_device_mappings.2547816212.ebs.encrypted": "false",
                            "block_device_mappings.2547816212.ebs.iops": "0",
                            "block_device_mappings.2547816212.ebs.snapshot_id": "snap-0068b9324b9518f9d",
                            "block_device_mappings.2547816212.ebs.volume_size": "8",
                            "block_device_mappings.2547816212.ebs.volume_type": "gp2",
                            "block_device_mappings.2547816212.no_device": "",
                            "block_device_mappings.2547816212.virtual_name": "",
                            "block_device_mappings.3850042718.device_name": "/dev/sdc",
                            "block_device_mappings.3850042718.ebs.%": "0",
                            "block_device_mappings.3850042718.no_device": "",
                            "block_device_mappings.3850042718.virtual_name": "ephemeral1",
                            "creation_date": "2018-11-26T20:17:21.000Z",
                            "description": "build_date=2018-11-26T19:47:51Z distribution_release=xenial kubernetes_version=1.11.5-00 build_version=91163cee43139fc3633180b7db607c505fcbbef6 distribution=Ubuntu kubernetes_cni_version=0.6.0-00 distribution_version=16.04 source_ami=ami-b53c6acd",
                            "filter.#": "1",
                            "filter.1582015047.name": "name",
                            "filter.1582015047.values.#": "1",
                            "filter.1582015047.values.0": "ami-ubuntu-16.04*",
                            "hypervisor": "xen",
                            "id": "ami-0e23b1905d251df27",
                            "image_id": "ami-0e23b1905d251df27",
                            "image_location": "812083501456/ami-ubuntu-16.04-1.11.5-00-1543261671",
                            "image_type": "machine",
                            "most_recent": "true",
                            "name": "ami-ubuntu-16.04-1.11.5-00-1543261671",
                            "owner_id": "812083501456",
                            "product_codes.#": "0",
                            "public": "true",
                            "root_device_name": "/dev/sda1",
                            "root_device_type": "ebs",
                            "root_snapshot_id": "snap-0068b9324b9518f9d",
                            "sriov_net_support": "simple",
                            "state": "available",
                            "state_reason.%": "2",
                            "state_reason.code": "UNSET",
                            "state_reason.message": "UNSET",
                            "tags.%": "0",
                            "virtualization_type": "hvm"
                        },
                        "meta": {},
                        "tainted": false
                    },
                    "deposed": [],
                    "provider": "provider.aws"
                },
                "data.aws_availability_zones.available": {
                    "type": "aws_availability_zones",
                    "depends_on": [],
                    "primary": {
                        "id": "2019-01-10 21:58:16.647564027 +0000 UTC",
                        "attributes": {
                            "id": "2019-01-10 21:58:16.647564027 +0000 UTC",
                            "names.#": "3",
                            "names.0": "eu-central-1a",
                            "names.1": "eu-central-1b",
                            "names.2": "eu-central-1c",
                            "zone_ids.#": "3",
                            "zone_ids.0": "euc1-az2",
                            "zone_ids.1": "euc1-az3",
                            "zone_ids.2": "euc1-az1"
                        },
                        "meta": {},
                        "tainted": false
                    },
                    "deposed": [],
                    "provider": "provider.aws"
                },
                "data.aws_subnet_ids.task9_subnets": {
                    "type": "aws_subnet_ids",
                    "depends_on": [
                        "aws_subnet.task9_subnet",
                        "aws_vpc.task9_vpc"
                    ],
                    "primary": {
                        "id": "vpc-0c956b85972fee3c4",
                        "attributes": {
                            "id": "vpc-0c956b85972fee3c4",
                            "ids.#": "2",
                            "ids.2555174432": "subnet-01f851198a8edc614",
                            "ids.3513385119": "subnet-04170197600101c53",
                            "vpc_id": "vpc-0c956b85972fee3c4"
                        },
                        "meta": {},
                        "tainted": false
                    },
                    "deposed": [],
                    "provider": "provider.aws"
                },
                "data.template_file.init": {
                    "type": "template_file",
                    "depends_on": [],
                    "primary": {
                        "id": "47b84e9ee01a0908aa6bc30b944c8b74c3806c9e98132a995ed72013683c0183",
                        "attributes": {
                            "id": "47b84e9ee01a0908aa6bc30b944c8b74c3806c9e98132a995ed72013683c0183",
                            "rendered": "#!/bin/bash\n\napt-get update\n\napt-get install -y nginx\nufw allow 'Nginx HTTP'\nsystemctl restart nginx\nrm /etc/nginx/sites-enabled/default\necho -e 'server {\n     listen 8080;\n     location / {\n         root /home/ubuntu/;\n         autoindex off;\n     }\n}' \u003e /etc/nginx/sites-enabled/task9.ml.conf\n\nsystemctl restart nginx\n\n\n",
                            "template": "#!/bin/bash\n\napt-get update\n\napt-get install -y nginx\nufw allow 'Nginx HTTP'\nsystemctl restart nginx\nrm ${ remote_conf_file_path_nginx }default\necho -e 'server {\n     listen 8080;\n     location / {\n         root ${ remote_static_file_path };\n         autoindex off;\n     }\n}' \u003e ${ remote_conf_file_path_nginx }${ conf_file_name }\n\nsystemctl restart nginx\n\n\n",
                            "vars.%": "3",
                            "vars.conf_file_name": "task9.ml.conf",
                            "vars.remote_conf_file_path_nginx": "/etc/nginx/sites-enabled/",
                            "vars.remote_static_file_path": "/home/ubuntu/"
                        },
                        "meta": {},
                        "tainted": false
                    },
                    "deposed": [],
                    "provider": "provider.template"
                },
                "data.template_file.task9_ec2_policy": {
                    "type": "template_file",
                    "depends_on": [
                        "aws_instance.task9_instance.*",
                        "aws_lb.task9-lb",
                        "aws_s3_bucket.task9_s3"
                    ],
                    "primary": {
                        "id": "a3f2d698e91d76487fd304e93f95d1eae6b3407b5c7804d8fbec74f2bf062dee",
                        "attributes": {
                            "id": "a3f2d698e91d76487fd304e93f95d1eae6b3407b5c7804d8fbec74f2bf062dee",
                            "rendered": "{\n    \"Version\": \"2012-10-17\",\n    \"Statement\": [\n        {\n            \"Effect\": \"Allow\",\n            \"Action\": [\n                \"s3:GetObject\"\n            ],\n            \"Resource\": [\n                \"arn:aws:s3:::s3-website-task9.ml/*\"\n            ]\n        }\n    ]\n}",
                            "template": "{\n    \"Version\": \"2012-10-17\",\n    \"Statement\": [\n        {\n            \"Effect\": \"Allow\",\n            \"Action\": [\n                \"s3:GetObject\"\n            ],\n            \"Resource\": [\n                \"${ s3_resource }/*\"\n            ]\n        }\n    ]\n}",
                            "vars.%": "3",
                            "vars.ec2_addresses": "18.196.31.79",
                            "vars.elb_resource": "arn:aws:elasticloadbalancing:eu-central-1:931545567559:loadbalancer/app/task9-lb/af75db763924d6a8",
                            "vars.s3_resource": "arn:aws:s3:::s3-website-task9.ml"
                        },
                        "meta": {},
                        "tainted": false
                    },
                    "deposed": [],
                    "provider": "provider.template"
                },
                "data.template_file.task9_ec2_role": {
                    "type": "template_file",
                    "depends_on": [],
                    "primary": {
                        "id": "b637da55c7777cb107cb15b6ec0b0f47f3bcc3c549f171ce59acd660a8d7b7bc",
                        "attributes": {
                            "id": "b637da55c7777cb107cb15b6ec0b0f47f3bcc3c549f171ce59acd660a8d7b7bc",
                            "rendered": "{\n    \"Version\" : \"2012-10-17\",\n    \"Statement\" : [\n        {\n            \"Effect\" : \"Allow\",\n            \"Principal\" : {\n                \"Service\" : [\"ec2.amazonaws.com\"]\n              },\n            \"Action\" : [\n                \"sts:AssumeRole\"\n            ]\n        }\n    ]\n}",
                            "template": "{\n    \"Version\" : \"2012-10-17\",\n    \"Statement\" : [\n        {\n            \"Effect\" : \"Allow\",\n            \"Principal\" : {\n                \"Service\" : [\"ec2.amazonaws.com\"]\n              },\n            \"Action\" : [\n                \"sts:AssumeRole\"\n            ]\n        }\n    ]\n}"
                        },
                        "meta": {},
                        "tainted": false
                    },
                    "deposed": [],
                    "provider": "provider.template"
                },
                "data.template_file.task9_s3_policy": {
                    "type": "template_file",
                    "depends_on": [
                        "aws_instance.task9_instance.*",
                        "aws_s3_bucket.task9_s3"
                    ],
                    "primary": {
                        "id": "03e7b691386b884d4870046ea32fe72e4648087609c4cc3d5cbc74c2b4c44463",
                        "attributes": {
                            "id": "03e7b691386b884d4870046ea32fe72e4648087609c4cc3d5cbc74c2b4c44463",
                            "rendered": "{\n    \"Version\": \"2012-10-17\",\n    \"Statement\": [\n        {\n            \"Sid\": \"IPAllow\",\n            \"Effect\": \"Allow\",\n            \"Principal\": {\n                            \"Service\": [\n                                \"ec2.amazonaws.com\"\n                            ]\n                        },\n            \"Action\": [\n                \"s3:GetObject\"\n                ],\n            \"Resource\": \"arn:aws:s3:::s3-website-task9.ml/*\",\n            \"Condition\": {\n            \"IpAddress\": {\n                \"aws:SourceIp\": [\"10.192.10.201\"]\n                }\n            }\n        }\n    ]\n}",
                            "template": "{\n    \"Version\": \"2012-10-17\",\n    \"Statement\": [\n        {\n            \"Sid\": \"IPAllow\",\n            \"Effect\": \"Allow\",\n            \"Principal\": {\n                            \"Service\": [\n                                \"ec2.amazonaws.com\"\n                            ]\n                        },\n            \"Action\": [\n                \"s3:GetObject\"\n                ],\n            \"Resource\": \"${ s3_resource }/*\",\n            \"Condition\": {\n            \"IpAddress\": {\n                \"aws:SourceIp\": [\"${ ec2_addresses }\"]\n                }\n            }\n        }\n    ]\n}",
                            "vars.%": "2",
                            "vars.ec2_addresses": "10.192.10.201",
                            "vars.s3_resource": "arn:aws:s3:::s3-website-task9.ml"
                        },
                        "meta": {},
                        "tainted": false
                    },
                    "deposed": [],
                    "provider": "provider.template"
                },
                "null_resource.task9_cluster.0": {
                    "type": "null_resource",
                    "depends_on": [
                        "aws_iam_role_policy_attachment.task9_policy_att",
                        "aws_instance.task9_instance.*",
                        "aws_s3_bucket.task9_s3"
                    ],
                    "primary": {
                        "id": "7243205485980792230",
                        "attributes": {
                            "id": "7243205485980792230"
                        },
                        "meta": {},
                        "tainted": true
                    },
                    "deposed": [],
                    "provider": "provider.null"
                },
                "null_resource.task9_cluster.1": {
                    "type": "null_resource",
                    "depends_on": [
                        "aws_iam_role_policy_attachment.task9_policy_att",
                        "aws_instance.task9_instance.*",
                        "aws_s3_bucket.task9_s3"
                    ],
                    "primary": {
                        "id": "1822318901320601099",
                        "attributes": {
                            "id": "1822318901320601099"
                        },
                        "meta": {},
                        "tainted": true
                    },
                    "deposed": [],
                    "provider": "provider.null"
                }
            },
            "depends_on": []
        }
    ]
}
